{
  "name": "1-commit",
  "version": "1.0.0",
  "lockfileVersion": 1,
  "requires": true,
  "dependencies": {
    "calk": {
      "version": "0.0.1-security",
      "resolved": "https://registry.npmjs.org/calk/-/calk-0.0.1-security.tgz",
      "integrity": "sha512-ZTtUjmrjjZiSckEe9Pfb3bY6efbajoDm/qh7gZSEap80QLyslNHYMZb83E65UCTAFjFdh4bGcb1KTgFqhSWBcw=="
    },
    "chalk": {
      "version": "5.2.0",
      "resolved": "https://registry.npmjs.org/chalk/-/chalk-5.2.0.tgz",
      "integrity": "sha512-ree3Gqw/nazQAPuJJEy+avdl7QfZMcUvmHIKgEZkGL+xOBzRvup5Hxo6LHuMceSxOabuJLJm5Yp/92R9eMmMvA=="
    }
  }
}
